
Microsoft Visual Studio Solution File, Format Version 12.00
# Visual Studio Version 17
VisualStudioVersion = 17.11.35312.102
MinimumVisualStudioVersion = 10.0.40219.1
Project("{FAE04EC0-301F-11D3-BF4B-00C04F79EFBC}") = "Tyuiu.BlagihIA.Sprint7.V4.Lib", "Tyuiu.BlagihIA.Sprint7.V4.Lib\Tyuiu.BlagihIA.Sprint7.V4.Lib.csproj", "{3C7BDE3C-4090-49AB-B843-835D2FFB6FAC}"
EndProject
Project("{FAE04EC0-301F-11D3-BF4B-00C04F79EFBC}") = "Tyuiu.BlagihIA.Sprint7.V4.Test", "Tyuiu.BlagihIA.Sprint7.V4.Test\Tyuiu.BlagihIA.Sprint7.V4.Test.csproj", "{9AED47B6-74F9-4FA5-861F-24177D776105}"
EndProject
Project("{FAE04EC0-301F-11D3-BF4B-00C04F79EFBC}") = "Tyuiu.BlagihIA.Sprint7.V4", "Tyuiu.BlagihIA.Sprint7.V4\Tyuiu.BlagihIA.Sprint7.V4.csproj", "{4390E26D-ACF4-44A8-AB4B-3E8873B94354}"
EndProject
Global
	GlobalSection(SolutionConfigurationPlatforms) = preSolution
		Debug|Any CPU = Debug|Any CPU
		Release|Any CPU = Release|Any CPU
	EndGlobalSection
	GlobalSection(ProjectConfigurationPlatforms) = postSolution
		{3C7BDE3C-4090-49AB-B843-835D2FFB6FAC}.Debug|Any CPU.ActiveCfg = Debug|Any CPU
		{3C7BDE3C-4090-49AB-B843-835D2FFB6FAC}.Debug|Any CPU.Build.0 = Debug|Any CPU
		{3C7BDE3C-4090-49AB-B843-835D2FFB6FAC}.Release|Any CPU.ActiveCfg = Release|Any CPU
		{3C7BDE3C-4090-49AB-B843-835D2FFB6FAC}.Release|Any CPU.Build.0 = Release|Any CPU
		{9AED47B6-74F9-4FA5-861F-24177D776105}.Debug|Any CPU.ActiveCfg = Debug|Any CPU
		{9AED47B6-74F9-4FA5-861F-24177D776105}.Debug|Any CPU.Build.0 = Debug|Any CPU
		{9AED47B6-74F9-4FA5-861F-24177D776105}.Release|Any CPU.ActiveCfg = Release|Any CPU
		{9AED47B6-74F9-4FA5-861F-24177D776105}.Release|Any CPU.Build.0 = Release|Any CPU
		{4390E26D-ACF4-44A8-AB4B-3E8873B94354}.Debug|Any CPU.ActiveCfg = Debug|Any CPU
		{4390E26D-ACF4-44A8-AB4B-3E8873B94354}.Debug|Any CPU.Build.0 = Debug|Any CPU
		{4390E26D-ACF4-44A8-AB4B-3E8873B94354}.Release|Any CPU.ActiveCfg = Release|Any CPU
		{4390E26D-ACF4-44A8-AB4B-3E8873B94354}.Release|Any CPU.Build.0 = Release|Any CPU
	EndGlobalSection
	GlobalSection(SolutionProperties) = preSolution
		HideSolutionNode = FALSE
	EndGlobalSection
	GlobalSection(ExtensibilityGlobals) = postSolution
		SolutionGuid = {10B7389B-342B-4EAE-9BC9-ED5063F0F434}
	EndGlobalSection
EndGlobal
